
Microsoft Visual Studio Solution File, Format Version 12.00
# Visual Studio Version 17
VisualStudioVersion = 17.11.35303.130
MinimumVisualStudioVersion = 10.0.40219.1
Project("{2150E333-8FDC-42A3-9474-1A3956D46DE8}") = "Task0", "Task0", "{C29D4EFB-125A-4580-9C5B-A686841F517E}"
EndProject
Project("{9A19103F-16F7-4668-BE54-9A1E7A4F7556}") = "Tyuiu.TimoninIA.Sprint1.Task0.V29", "Tyuiu.TimoninIA.Sprint1.Task0.V29\Tyuiu.TimoninIA.Sprint1.Task0.V29.csproj", "{16F71FEC-22C0-4250-A667-9F215E790D2F}"
EndProject
Project("{9A19103F-16F7-4668-BE54-9A1E7A4F7556}") = "Tyuiu.TimoninIA.Sprint1.Task0.V29.Lib", "Tyuiu.TimoninIA.Sprint1.Task0.V29.Lib\Tyuiu.TimoninIA.Sprint1.Task0.V29.Lib.csproj", "{CC3586BA-7304-4FC2-AC4D-7521356B5C9C}"
EndProject
Project("{2150E333-8FDC-42A3-9474-1A3956D46DE8}") = "Task1", "Task1", "{9BA39FCB-04DB-4BC6-8A27-DC066B968ACA}"
EndProject
Project("{9A19103F-16F7-4668-BE54-9A1E7A4F7556}") = "Tyuiu.TimoninIA.Sprint1.Task1.V21", "Tyuiu.TimoninIA.Sprint1.Task1.V21\Tyuiu.TimoninIA.Sprint1.Task1.V21.csproj", "{78B445E0-4750-4180-A861-CF9152698B60}"
EndProject
Project("{9A19103F-16F7-4668-BE54-9A1E7A4F7556}") = "Tyuiu.TimoninIA.Sprint1.Task1.V21.Lib", "Tyuiu.TimoninIA.Sprint1.Task1.V21.Lib\Tyuiu.TimoninIA.Sprint1.Task1.V21.Lib.csproj", "{5FEC534A-E2D3-45F2-AFAA-226E9DDCECA2}"
EndProject
Project("{9A19103F-16F7-4668-BE54-9A1E7A4F7556}") = "Tyuiu.TimoninIA.Sprint1.Task1.V21.Test", "Tyuiu.TimoninIA.Sprint1.Task1.V21.Test\Tyuiu.TimoninIA.Sprint1.Task1.V21.Test.csproj", "{DB68E440-4005-4E3B-9611-EE47CF5E71B3}"
EndProject
Project("{9A19103F-16F7-4668-BE54-9A1E7A4F7556}") = "Tyuiu.TimoninIA.Sprint1.Task0.V29.Test", "Tyuiu.TimoninIA.Sprint1.Task0.V29.Test\Tyuiu.TimoninIA.Sprint1.Task0.V29.Test.csproj", "{B5D4709C-CC91-42B8-ACBC-415BC72824FD}"
EndProject
Project("{2150E333-8FDC-42A3-9474-1A3956D46DE8}") = "Task2", "Task2", "{2E4E1855-1AE8-40C5-A1A5-C4F1BE74CBF2}"
EndProject
Project("{9A19103F-16F7-4668-BE54-9A1E7A4F7556}") = "Tyuiu.TimoninIA.Sprint1.Task2.V3", "Tyuiu.TimoninIA.Sprint1.Task2.V3\Tyuiu.TimoninIA.Sprint1.Task2.V3.csproj", "{569FDCA3-C983-46FE-BA5A-D92F2C435C91}"
EndProject
Project("{9A19103F-16F7-4668-BE54-9A1E7A4F7556}") = "Tyuiu.TimoninIA.Sprint1.Task2.V3.Lib", "Tyuiu.TimoninIA.Sprint1.Task2.V3.Lib\Tyuiu.TimoninIA.Sprint1.Task2.V3.Lib.csproj", "{16499D09-3BC5-46D6-977D-865C1A8433E6}"
EndProject
Project("{9A19103F-16F7-4668-BE54-9A1E7A4F7556}") = "Tyuiu.TimoninIA.Sprint1.Task2.V3.Test", "Tyuiu.TimoninIA.Sprint1.Task2.V3.Test\Tyuiu.TimoninIA.Sprint1.Task2.V3.Test.csproj", "{6E60A19C-1843-4C7D-B0A4-9EF886EEBC8A}"
EndProject
Project("{2150E333-8FDC-42A3-9474-1A3956D46DE8}") = "Task3", "Task3", "{51D1A10B-6CED-44E8-B5D7-027C86AD4B47}"
EndProject
Project("{FAE04EC0-301F-11D3-BF4B-00C04F79EFBC}") = "Tyuiu.TimoninIA.Sprint1.Task3.V7", "Tyuiu.TimoninIA.Sprint1.Task3.V7\Tyuiu.TimoninIA.Sprint1.Task3.V7.csproj", "{5F93DDDD-76A6-4588-A839-9273B7B6D032}"
EndProject
Project("{FAE04EC0-301F-11D3-BF4B-00C04F79EFBC}") = "Tyuiu.TimoninIA.Sprint1.Task3.V7.Lib", "Tyuiu.TimoninIA.Sprint1.Task3.V7.Lib\Tyuiu.TimoninIA.Sprint1.Task3.V7.Lib.csproj", "{F6D7C7C9-CEA8-41D7-98D0-67E32B2DFC5C}"
EndProject
Project("{FAE04EC0-301F-11D3-BF4B-00C04F79EFBC}") = "Tyuiu.TimoninIA.Sprint1.Task3.V7.Test", "Tyuiu.TimoninIA.Sprint1.Task3.V7.Test\Tyuiu.TimoninIA.Sprint1.Task3.V7.Test.csproj", "{6F8B1111-B530-41C2-ABAD-689948881015}"
EndProject
Project("{2150E333-8FDC-42A3-9474-1A3956D46DE8}") = "Task4", "Task4", "{7B12A91C-F203-4DD0-9805-0622B6BB31B1}"
EndProject
Project("{FAE04EC0-301F-11D3-BF4B-00C04F79EFBC}") = "Tyuiu.TimoninIA.Sprint1.Task4.V1", "Tyuiu.TimoninIA.Sprint1.Task4.V1\Tyuiu.TimoninIA.Sprint1.Task4.V1.csproj", "{1ED1CA8D-56D4-4914-8C70-206487C361D3}"
EndProject
Project("{FAE04EC0-301F-11D3-BF4B-00C04F79EFBC}") = "Tyuiu.TimoninIA.Sprint1.Task4.V1.Lib", "Tyuiu.TimoninIA.Sprint1.Task4.V1.Lib\Tyuiu.TimoninIA.Sprint1.Task4.V1.Lib.csproj", "{6592D9FD-E7D7-4BD0-A3F9-500335DE9B18}"
EndProject
Project("{FAE04EC0-301F-11D3-BF4B-00C04F79EFBC}") = "Tyuiu.TimoninIA.Sprint1.Task4.V1.Test", "Tyuiu.TimoninIA.Sprint1.Task4.V1.Test\Tyuiu.TimoninIA.Sprint1.Task4.V1.Test.csproj", "{34BE7F84-0527-4B4B-AA74-9E1D69B45A87}"
EndProject
Global
	GlobalSection(SolutionConfigurationPlatforms) = preSolution
		Debug|Any CPU = Debug|Any CPU
		Release|Any CPU = Release|Any CPU
	EndGlobalSection
	GlobalSection(ProjectConfigurationPlatforms) = postSolution
		{16F71FEC-22C0-4250-A667-9F215E790D2F}.Debug|Any CPU.ActiveCfg = Debug|Any CPU
		{16F71FEC-22C0-4250-A667-9F215E790D2F}.Debug|Any CPU.Build.0 = Debug|Any CPU
		{16F71FEC-22C0-4250-A667-9F215E790D2F}.Release|Any CPU.ActiveCfg = Release|Any CPU
		{16F71FEC-22C0-4250-A667-9F215E790D2F}.Release|Any CPU.Build.0 = Release|Any CPU
		{CC3586BA-7304-4FC2-AC4D-7521356B5C9C}.Debug|Any CPU.ActiveCfg = Debug|Any CPU
		{CC3586BA-7304-4FC2-AC4D-7521356B5C9C}.Debug|Any CPU.Build.0 = Debug|Any CPU
		{CC3586BA-7304-4FC2-AC4D-7521356B5C9C}.Release|Any CPU.ActiveCfg = Release|Any CPU
		{CC3586BA-7304-4FC2-AC4D-7521356B5C9C}.Release|Any CPU.Build.0 = Release|Any CPU
		{78B445E0-4750-4180-A861-CF9152698B60}.Debug|Any CPU.ActiveCfg = Debug|Any CPU
		{78B445E0-4750-4180-A861-CF9152698B60}.Debug|Any CPU.Build.0 = Debug|Any CPU
		{78B445E0-4750-4180-A861-CF9152698B60}.Release|Any CPU.ActiveCfg = Release|Any CPU
		{78B445E0-4750-4180-A861-CF9152698B60}.Release|Any CPU.Build.0 = Release|Any CPU
		{5FEC534A-E2D3-45F2-AFAA-226E9DDCECA2}.Debug|Any CPU.ActiveCfg = Debug|Any CPU
		{5FEC534A-E2D3-45F2-AFAA-226E9DDCECA2}.Debug|Any CPU.Build.0 = Debug|Any CPU
		{5FEC534A-E2D3-45F2-AFAA-226E9DDCECA2}.Release|Any CPU.ActiveCfg = Release|Any CPU
		{5FEC534A-E2D3-45F2-AFAA-226E9DDCECA2}.Release|Any CPU.Build.0 = Release|Any CPU
		{DB68E440-4005-4E3B-9611-EE47CF5E71B3}.Debug|Any CPU.ActiveCfg = Debug|Any CPU
		{DB68E440-4005-4E3B-9611-EE47CF5E71B3}.Debug|Any CPU.Build.0 = Debug|Any CPU
		{DB68E440-4005-4E3B-9611-EE47CF5E71B3}.Release|Any CPU.ActiveCfg = Release|Any CPU
		{DB68E440-4005-4E3B-9611-EE47CF5E71B3}.Release|Any CPU.Build.0 = Release|Any CPU
		{B5D4709C-CC91-42B8-ACBC-415BC72824FD}.Debug|Any CPU.ActiveCfg = Debug|Any CPU
		{B5D4709C-CC91-42B8-ACBC-415BC72824FD}.Debug|Any CPU.Build.0 = Debug|Any CPU
		{B5D4709C-CC91-42B8-ACBC-415BC72824FD}.Release|Any CPU.ActiveCfg = Release|Any CPU
		{B5D4709C-CC91-42B8-ACBC-415BC72824FD}.Release|Any CPU.Build.0 = Release|Any CPU
		{569FDCA3-C983-46FE-BA5A-D92F2C435C91}.Debug|Any CPU.ActiveCfg = Debug|Any CPU
		{569FDCA3-C983-46FE-BA5A-D92F2C435C91}.Debug|Any CPU.Build.0 = Debug|Any CPU
		{569FDCA3-C983-46FE-BA5A-D92F2C435C91}.Release|Any CPU.ActiveCfg = Release|Any CPU
		{569FDCA3-C983-46FE-BA5A-D92F2C435C91}.Release|Any CPU.Build.0 = Release|Any CPU
		{16499D09-3BC5-46D6-977D-865C1A8433E6}.Debug|Any CPU.ActiveCfg = Debug|Any CPU
		{16499D09-3BC5-46D6-977D-865C1A8433E6}.Debug|Any CPU.Build.0 = Debug|Any CPU
		{16499D09-3BC5-46D6-977D-865C1A8433E6}.Release|Any CPU.ActiveCfg = Release|Any CPU
		{16499D09-3BC5-46D6-977D-865C1A8433E6}.Release|Any CPU.Build.0 = Release|Any CPU
		{6E60A19C-1843-4C7D-B0A4-9EF886EEBC8A}.Debug|Any CPU.ActiveCfg = Debug|Any CPU
		{6E60A19C-1843-4C7D-B0A4-9EF886EEBC8A}.Debug|Any CPU.Build.0 = Debug|Any CPU
		{6E60A19C-1843-4C7D-B0A4-9EF886EEBC8A}.Release|Any CPU.ActiveCfg = Release|Any CPU
		{6E60A19C-1843-4C7D-B0A4-9EF886EEBC8A}.Release|Any CPU.Build.0 = Release|Any CPU
		{5F93DDDD-76A6-4588-A839-9273B7B6D032}.Debug|Any CPU.ActiveCfg = Debug|Any CPU
		{5F93DDDD-76A6-4588-A839-9273B7B6D032}.Debug|Any CPU.Build.0 = Debug|Any CPU
		{5F93DDDD-76A6-4588-A839-9273B7B6D032}.Release|Any CPU.ActiveCfg = Release|Any CPU
		{5F93DDDD-76A6-4588-A839-9273B7B6D032}.Release|Any CPU.Build.0 = Release|Any CPU
		{F6D7C7C9-CEA8-41D7-98D0-67E32B2DFC5C}.Debug|Any CPU.ActiveCfg = Debug|Any CPU
		{F6D7C7C9-CEA8-41D7-98D0-67E32B2DFC5C}.Debug|Any CPU.Build.0 = Debug|Any CPU
		{F6D7C7C9-CEA8-41D7-98D0-67E32B2DFC5C}.Release|Any CPU.ActiveCfg = Release|Any CPU
		{F6D7C7C9-CEA8-41D7-98D0-67E32B2DFC5C}.Release|Any CPU.Build.0 = Release|Any CPU
		{6F8B1111-B530-41C2-ABAD-689948881015}.Debug|Any CPU.ActiveCfg = Debug|Any CPU
		{6F8B1111-B530-41C2-ABAD-689948881015}.Debug|Any CPU.Build.0 = Debug|Any CPU
		{6F8B1111-B530-41C2-ABAD-689948881015}.Release|Any CPU.ActiveCfg = Release|Any CPU
		{6F8B1111-B530-41C2-ABAD-689948881015}.Release|Any CPU.Build.0 = Release|Any CPU
		{1ED1CA8D-56D4-4914-8C70-206487C361D3}.Debug|Any CPU.ActiveCfg = Debug|Any CPU
		{1ED1CA8D-56D4-4914-8C70-206487C361D3}.Debug|Any CPU.Build.0 = Debug|Any CPU
		{1ED1CA8D-56D4-4914-8C70-206487C361D3}.Release|Any CPU.ActiveCfg = Release|Any CPU
		{1ED1CA8D-56D4-4914-8C70-206487C361D3}.Release|Any CPU.Build.0 = Release|Any CPU
		{6592D9FD-E7D7-4BD0-A3F9-500335DE9B18}.Debug|Any CPU.ActiveCfg = Debug|Any CPU
		{6592D9FD-E7D7-4BD0-A3F9-500335DE9B18}.Debug|Any CPU.Build.0 = Debug|Any CPU
		{6592D9FD-E7D7-4BD0-A3F9-500335DE9B18}.Release|Any CPU.ActiveCfg = Release|Any CPU
		{6592D9FD-E7D7-4BD0-A3F9-500335DE9B18}.Release|Any CPU.Build.0 = Release|Any CPU
		{34BE7F84-0527-4B4B-AA74-9E1D69B45A87}.Debug|Any CPU.ActiveCfg = Debug|Any CPU
		{34BE7F84-0527-4B4B-AA74-9E1D69B45A87}.Debug|Any CPU.Build.0 = Debug|Any CPU
		{34BE7F84-0527-4B4B-AA74-9E1D69B45A87}.Release|Any CPU.ActiveCfg = Release|Any CPU
		{34BE7F84-0527-4B4B-AA74-9E1D69B45A87}.Release|Any CPU.Build.0 = Release|Any CPU
	EndGlobalSection
	GlobalSection(SolutionProperties) = preSolution
		HideSolutionNode = FALSE
	EndGlobalSection
	GlobalSection(NestedProjects) = preSolution
		{16F71FEC-22C0-4250-A667-9F215E790D2F} = {C29D4EFB-125A-4580-9C5B-A686841F517E}
		{CC3586BA-7304-4FC2-AC4D-7521356B5C9C} = {C29D4EFB-125A-4580-9C5B-A686841F517E}
		{78B445E0-4750-4180-A861-CF9152698B60} = {9BA39FCB-04DB-4BC6-8A27-DC066B968ACA}
		{5FEC534A-E2D3-45F2-AFAA-226E9DDCECA2} = {9BA39FCB-04DB-4BC6-8A27-DC066B968ACA}
		{DB68E440-4005-4E3B-9611-EE47CF5E71B3} = {9BA39FCB-04DB-4BC6-8A27-DC066B968ACA}
		{B5D4709C-CC91-42B8-ACBC-415BC72824FD} = {C29D4EFB-125A-4580-9C5B-A686841F517E}
		{569FDCA3-C983-46FE-BA5A-D92F2C435C91} = {2E4E1855-1AE8-40C5-A1A5-C4F1BE74CBF2}
		{16499D09-3BC5-46D6-977D-865C1A8433E6} = {2E4E1855-1AE8-40C5-A1A5-C4F1BE74CBF2}
		{6E60A19C-1843-4C7D-B0A4-9EF886EEBC8A} = {2E4E1855-1AE8-40C5-A1A5-C4F1BE74CBF2}
		{5F93DDDD-76A6-4588-A839-9273B7B6D032} = {51D1A10B-6CED-44E8-B5D7-027C86AD4B47}
		{F6D7C7C9-CEA8-41D7-98D0-67E32B2DFC5C} = {51D1A10B-6CED-44E8-B5D7-027C86AD4B47}
		{6F8B1111-B530-41C2-ABAD-689948881015} = {51D1A10B-6CED-44E8-B5D7-027C86AD4B47}
		{1ED1CA8D-56D4-4914-8C70-206487C361D3} = {7B12A91C-F203-4DD0-9805-0622B6BB31B1}
		{6592D9FD-E7D7-4BD0-A3F9-500335DE9B18} = {7B12A91C-F203-4DD0-9805-0622B6BB31B1}
		{34BE7F84-0527-4B4B-AA74-9E1D69B45A87} = {7B12A91C-F203-4DD0-9805-0622B6BB31B1}
	EndGlobalSection
	GlobalSection(ExtensibilityGlobals) = postSolution
		SolutionGuid = {BE5A60F3-A0D1-48C3-9A80-3E26ECFDDBA1}
	EndGlobalSection
EndGlobal
